
Microsoft Visual Studio Solution File, Format Version 12.00
Project("{FAE04EC0-301F-11D3-BF4B-00C04F79EFBC}") = "ZungDepressionTest", "ZungDepressionTest\ZungDepressionTest.csproj", "{A1F0F521-03D0-4217-8DBD-FF4269A13D1E}"
EndProject
Project("{FAE04EC0-301F-11D3-BF4B-00C04F79EFBC}") = "ZungDepressionTest.Core", "ZungDepressionTest.Core\ZungDepressionTest.Core.csproj", "{658BCBC7-5CEC-4F8A-86A9-4D3BC07331F1}"
EndProject
Project("{FAE04EC0-301F-11D3-BF4B-00C04F79EFBC}") = "ZungDepressionTest.Application", "ZungDepressionTest.Application\ZungDepressionTest.Application.csproj", "{DDF71E2D-1346-4509-A1AB-B7DCBACE9CC5}"
EndProject
Project("{FAE04EC0-301F-11D3-BF4B-00C04F79EFBC}") = "ZungDepressionTest.Persistance.MySql", "ZungDepressionTest.Persistance.MySql\ZungDepressionTest.Persistance.MySql.csproj", "{46613F21-8193-4D74-906B-757D0893394E}"
EndProject
Global
	GlobalSection(SolutionConfigurationPlatforms) = preSolution
		Debug|Any CPU = Debug|Any CPU
		Release|Any CPU = Release|Any CPU
	EndGlobalSection
	GlobalSection(ProjectConfigurationPlatforms) = postSolution
		{A1F0F521-03D0-4217-8DBD-FF4269A13D1E}.Debug|Any CPU.ActiveCfg = Debug|Any CPU
		{A1F0F521-03D0-4217-8DBD-FF4269A13D1E}.Debug|Any CPU.Build.0 = Debug|Any CPU
		{A1F0F521-03D0-4217-8DBD-FF4269A13D1E}.Release|Any CPU.ActiveCfg = Release|Any CPU
		{A1F0F521-03D0-4217-8DBD-FF4269A13D1E}.Release|Any CPU.Build.0 = Release|Any CPU
		{658BCBC7-5CEC-4F8A-86A9-4D3BC07331F1}.Debug|Any CPU.ActiveCfg = Debug|Any CPU
		{658BCBC7-5CEC-4F8A-86A9-4D3BC07331F1}.Debug|Any CPU.Build.0 = Debug|Any CPU
		{658BCBC7-5CEC-4F8A-86A9-4D3BC07331F1}.Release|Any CPU.ActiveCfg = Release|Any CPU
		{658BCBC7-5CEC-4F8A-86A9-4D3BC07331F1}.Release|Any CPU.Build.0 = Release|Any CPU
		{DDF71E2D-1346-4509-A1AB-B7DCBACE9CC5}.Debug|Any CPU.ActiveCfg = Debug|Any CPU
		{DDF71E2D-1346-4509-A1AB-B7DCBACE9CC5}.Debug|Any CPU.Build.0 = Debug|Any CPU
		{DDF71E2D-1346-4509-A1AB-B7DCBACE9CC5}.Release|Any CPU.ActiveCfg = Release|Any CPU
		{DDF71E2D-1346-4509-A1AB-B7DCBACE9CC5}.Release|Any CPU.Build.0 = Release|Any CPU
		{46613F21-8193-4D74-906B-757D0893394E}.Debug|Any CPU.ActiveCfg = Debug|Any CPU
		{46613F21-8193-4D74-906B-757D0893394E}.Debug|Any CPU.Build.0 = Debug|Any CPU
		{46613F21-8193-4D74-906B-757D0893394E}.Release|Any CPU.ActiveCfg = Release|Any CPU
		{46613F21-8193-4D74-906B-757D0893394E}.Release|Any CPU.Build.0 = Release|Any CPU
	EndGlobalSection
EndGlobal
